{
  "requires": true,
  "lockfileVersion": 1,
  "dependencies": {
    "axios": {
      "version": "0.21.1",
      "resolved": "https://registry.npmjs.org/axios/-/axios-0.21.1.tgz",
      "integrity": "sha512-dKQiRHxGD9PPRIUNIWvZhPTPpl1rf/OxTYKsqKUDjBwYylTvV7SjSHJb9ratfyzM6wCdLCOYLzs73qpg5c4iGA==",
      "requires": {
        "follow-redirects": "^1.10.0"
      }
    },
    "follow-redirects": {
      "version": "1.13.1",
      "resolved": "https://registry.npmjs.org/follow-redirects/-/follow-redirects-1.13.1.tgz",
      "integrity": "sha512-SSG5xmZh1mkPGyKzjZP8zLjltIfpW32Y5QpdNJyjcfGxK3qo3NDDkZOZSFiGn1A6SclQxY9GzEwAHQ3dmYRWpg=="
    },
    "vue-multiselect": {
      "version": "2.1.6",
      "resolved": "https://registry.npmjs.org/vue-multiselect/-/vue-multiselect-2.1.6.tgz",
      "integrity": "sha512-s7jmZPlm9FeueJg1RwJtnE9KNPtME/7C8uRWSfp9/yEN4M8XcS/d+bddoyVwVnvFyRh9msFo0HWeW0vTL8Qv+w=="
    },
    "vue-toasted": {
      "version": "1.1.28",
      "resolved": "https://registry.npmjs.org/vue-toasted/-/vue-toasted-1.1.28.tgz",
      "integrity": "sha512-UUzr5LX51UbbiROSGZ49GOgSzFxaMHK6L00JV8fir/CYNJCpIIvNZ5YmS4Qc8Y2+Z/4VVYRpeQL2UO0G800Raw=="
    }
  }
}
